# THIS IS AN AUTOGENERATED FILE. DO NOT EDIT THIS FILE DIRECTLY.
# yarn lockfile v1


"@bower_components/angular-animate@angular/bower-angular-animate#1.6.6":
  version "1.6.6"
  resolved "https://codeload.github.com/angular/bower-angular-animate/tar.gz/c776891d55ab19592833bb51b31c08b054edda25"

"@bower_components/angular-aria@angular/bower-angular-aria#1.6.6":
  version "1.6.6"
  resolved "https://codeload.github.com/angular/bower-angular-aria/tar.gz/0f0b36dd676e685650a5e2a342288c2578ecda04"

"@bower_components/angular-cookies@angular/bower-angular-cookies#1.6.6":
  version "1.6.6"
  resolved "https://codeload.github.com/angular/bower-angular-cookies/tar.gz/bfbea8fdf620274e616c93b8ad5096c5342768e3"

"@bower_components/angular-loader@angular/bower-angular-loader#1.6.6":
  version "1.6.6"
  resolved "https://codeload.github.com/angular/bower-angular-loader/tar.gz/7f52a875f93a5d0c168d7ca09972de9d1945e998"

"@bower_components/angular-local-storage@grevory/angular-local-storage#*":
  version "0.7.1"
  resolved "https://codeload.github.com/grevory/angular-local-storage/tar.gz/ed4ae04fb9eaa57dfe930115397b7e9dbf81342f"

"@bower_components/angular-messages@angular/bower-angular-messages#1.6.6":
  version "1.6.6"
  resolved "https://codeload.github.com/angular/bower-angular-messages/tar.gz/60132d225f2dc4a788963b1a78fa2e88e21cb178"

"@bower_components/angular-resource@angular/bower-angular-resource#1.6.6":
  version "1.6.6"
  resolved "https://codeload.github.com/angular/bower-angular-resource/tar.gz/dfe656121219734e6c39913deba7e2f60c3ad1e6"

"@bower_components/angular-route@angular/bower-angular-route#1.6.6":
  version "1.6.6"
  resolved "https://codeload.github.com/angular/bower-angular-route/tar.gz/c972e3222d290cc3ab738ba1f07b88f0c74c0e2c"

"@bower_components/angular-sanitize@angular/bower-angular-sanitize#1.6.6":
  version "1.6.6"
  resolved "https://codeload.github.com/angular/bower-angular-sanitize/tar.gz/27b6da5578b99482330c6c38c5039a517e777c47"

"@bower_components/angular-ui-router@angular-ui/angular-ui-router-bower#0.4.2":
  version "0.4.2"
  resolved "https://codeload.github.com/angular-ui/angular-ui-router-bower/tar.gz/ef5ce80fa6ec8a2c6a87cf1cf1c5809e1950af11"
  dependencies:
    angular "^1.0.8"

"@bower_components/angular@angular/bower-angular#1.6.6":
  version "1.6.6"
  resolved "https://codeload.github.com/angular/bower-angular/tar.gz/928fe478bd68d049ff9863dc51814eac24d33b9a"

"@bower_components/bootstrap@twbs/bootstrap#4.6.0":
  version "4.6.0"
  resolved "https://codeload.github.com/twbs/bootstrap/tar.gz/6ffb0b48e455430f8a5359ed689ad64c1143fac2"

"@bower_components/offline@HubSpot/offline#^0.7":
  version "0.7.19"
  resolved "https://codeload.github.com/HubSpot/offline/tar.gz/a17291864212aab9ae9325c7ce5a2e0f541e96bf"

angular-mocks@angular/bower-angular-mocks#1.6.6:
  version "1.6.6"
  resolved "https://codeload.github.com/angular/bower-angular-mocks/tar.gz/3d216b4fc91649d3adc1e0509f47f75be2309e82"

angular@^1.0.8:
  version "1.8.2"
  resolved "https://registry.yarnpkg.com/angular/-/angular-1.8.2.tgz#5983bbb5a9fa63e213cb7749199e0d352de3a2f1"
  integrity sha512-IauMOej2xEe7/7Ennahkbb5qd/HFADiNuLSESz9Q27inmi32zB0lnAsFeLEWcox3Gd1F6YhNd1CP7/9IukJ0Gw==

bootstrap@~3:
  version "3.4.1"
  resolved "https://registry.yarnpkg.com/bootstrap/-/bootstrap-3.4.1.tgz#c3a347d419e289ad11f4033e3c4132b87c081d72"
  integrity sha512-yN5oZVmRCwe5aKwzRj6736nSmKDX7pLYwsXiCj/EYmo16hODaBiT4En5btW/jhBF/seV+XMx3aYwukYC3A49DA==

jquery@3.3.1:
  version "3.3.1"
  resolved "https://registry.yarnpkg.com/jquery/-/jquery-3.3.1.tgz#958ce29e81c9790f31be7792df5d4d95fc57fbca"
  integrity sha512-Ubldcmxp5np52/ENotGxlLe6aGMvmF4R8S6tZjsP6Knsaxd/xp3Zrh50cG93lR6nPXyUFwzN3ZSOQI0wRJNdGg==

jquery@>=1.8:
  version "3.6.0"
  resolved "https://registry.yarnpkg.com/jquery/-/jquery-3.6.0.tgz#c72a09f15c1bdce142f49dbf1170bdf8adac2470"
  integrity sha512-JVzAR/AjBvVt2BmYhxRCSYysDsPcssdmTFnzyLEts9qNwmjmu4JTAMYubEfwVOSwpQ1I1sKKFcxhZCI2buerfw==

underscore@^1.13.1:
  version "1.13.1"
  resolved "https://registry.yarnpkg.com/underscore/-/underscore-1.13.1.tgz#0c1c6bd2df54b6b69f2314066d65b6cde6fcf9d1"
  integrity sha512-hzSoAVtJF+3ZtiFX0VgfFPHEDRm7Y/QPjGyNo4TVdnDTdft3tr8hEkD25a1jC+TjTuE7tkHGKkhwCgs9dgBB2g==
